
Microsoft Visual Studio Solution File, Format Version 12.00
# Visual Studio Version 17
VisualStudioVersion = 17.14.36717.8 d17.14
MinimumVisualStudioVersion = 10.0.40219.1
Project("{54A90642-561A-4BB1-A94E-469ADEE60C69}") = "bingo.client", "bingo.client\bingo.client.esproj", "{BFC569C7-5B66-A23F-E9FC-6A75D9E54D72}"
EndProject
Project("{FAE04EC0-301F-11D3-BF4B-00C04F79EFBC}") = "Bingo.Server", "Bingo.Server\Bingo.Server.csproj", "{A1654D0E-256F-4410-9C0C-64A1235E5C5E}"
EndProject
Global
	GlobalSection(SolutionConfigurationPlatforms) = preSolution
		Debug|Any CPU = Debug|Any CPU
		Release|Any CPU = Release|Any CPU
	EndGlobalSection
	GlobalSection(ProjectConfigurationPlatforms) = postSolution
		{BFC569C7-5B66-A23F-E9FC-6A75D9E54D72}.Debug|Any CPU.ActiveCfg = Debug|Any CPU
		{BFC569C7-5B66-A23F-E9FC-6A75D9E54D72}.Debug|Any CPU.Build.0 = Debug|Any CPU
		{BFC569C7-5B66-A23F-E9FC-6A75D9E54D72}.Debug|Any CPU.Deploy.0 = Debug|Any CPU
		{BFC569C7-5B66-A23F-E9FC-6A75D9E54D72}.Release|Any CPU.ActiveCfg = Release|Any CPU
		{BFC569C7-5B66-A23F-E9FC-6A75D9E54D72}.Release|Any CPU.Build.0 = Release|Any CPU
		{BFC569C7-5B66-A23F-E9FC-6A75D9E54D72}.Release|Any CPU.Deploy.0 = Release|Any CPU
		{A1654D0E-256F-4410-9C0C-64A1235E5C5E}.Debug|Any CPU.ActiveCfg = Debug|Any CPU
		{A1654D0E-256F-4410-9C0C-64A1235E5C5E}.Debug|Any CPU.Build.0 = Debug|Any CPU
		{A1654D0E-256F-4410-9C0C-64A1235E5C5E}.Release|Any CPU.ActiveCfg = Release|Any CPU
		{A1654D0E-256F-4410-9C0C-64A1235E5C5E}.Release|Any CPU.Build.0 = Release|Any CPU
	EndGlobalSection
	GlobalSection(SolutionProperties) = preSolution
		HideSolutionNode = FALSE
	EndGlobalSection
	GlobalSection(ExtensibilityGlobals) = postSolution
		SolutionGuid = {C51A13F3-61E3-4C0F-93D6-ADEBD35DE6B9}
	EndGlobalSection
EndGlobal
